// !$*UTF8*$!
{
	archiveVersion = 1;
	classes = {
	};
	objectVersion = 50;
	objects = {

/* Begin PBXBuildFile section */
		018B7023227E158A00A79E8C /* AppDelegate.swift in Sources */ = {isa = PBXBuildFile; fileRef = 018B7022227E158A00A79E8C /* AppDelegate.swift */; };
		018B7025227E158A00A79E8C /* ViewController.swift in Sources */ = {isa = PBXBuildFile; fileRef = 018B7024227E158A00A79E8C /* ViewController.swift */; };
		018B7028227E158A00A79E8C /* Main.storyboard in Resources */ = {isa = PBXBuildFile; fileRef = 018B7026227E158A00A79E8C /* Main.storyboard */; };
		018B702B227E158A00A79E8C /* CoConverter.xcdatamodeld in Sources */ = {isa = PBXBuildFile; fileRef = 018B7029227E158A00A79E8C /* CoConverter.xcdatamodeld */; };
		018B702D227E158A00A79E8C /* Assets.xcassets in Resources */ = {isa = PBXBuildFile; fileRef = 018B702C227E158A00A79E8C /* Assets.xcassets */; };
		018B7030227E158A00A79E8C /* LaunchScreen.storyboard in Resources */ = {isa = PBXBuildFile; fileRef = 018B702E227E158A00A79E8C /* LaunchScreen.storyboard */; };
		018B703F227E3EB600A79E8C /* AddCurrencyController.swift in Sources */ = {isa = PBXBuildFile; fileRef = 018B703E227E3EB600A79E8C /* AddCurrencyController.swift */; };
		018B7041227E40EC00A79E8C /* Currency.swift in Sources */ = {isa = PBXBuildFile; fileRef = 018B7040227E40EC00A79E8C /* Currency.swift */; };
/* End PBXBuildFile section */

/* Begin PBXFileReference section */
		018B701F227E158A00A79E8C /* CoConverter.app */ = {isa = PBXFileReference; explicitFileType = wrapper.application; includeInIndex = 0; path = CoConverter.app; sourceTree = BUILT_PRODUCTS_DIR; };
		018B7022227E158A00A79E8C /* AppDelegate.swift */ = {isa = PBXFileReference; lastKnownFileType = sourcecode.swift; path = AppDelegate.swift; sourceTree = "<group>"; };
		018B7024227E158A00A79E8C /* ViewController.swift */ = {isa = PBXFileReference; lastKnownFileType = sourcecode.swift; path = ViewController.swift; sourceTree = "<group>"; };
		018B7027227E158A00A79E8C /* Base */ = {isa = PBXFileReference; lastKnownFileType = file.storyboard; name = Base; path = Base.lproj/Main.storyboard; sourceTree = "<group>"; };
		018B702A227E158A00A79E8C /* CoConverter.xcdatamodel */ = {isa = PBXFileReference; lastKnownFileType = wrapper.xcdatamodel; path = CoConverter.xcdatamodel; sourceTree = "<group>"; };
		018B702C227E158A00A79E8C /* Assets.xcassets */ = {isa = PBXFileReference; lastKnownFileType = folder.assetcatalog; path = Assets.xcassets; sourceTree = "<group>"; };
		018B702F227E158A00A79E8C /* Base */ = {isa = PBXFileReference; lastKnownFileType = file.storyboard; name = Base; path = Base.lproj/LaunchScreen.storyboard; sourceTree = "<group>"; };
		018B7031227E158A00A79E8C /* Info.plist */ = {isa = PBXFileReference; lastKnownFileType = text.plist.xml; path = Info.plist; sourceTree = "<group>"; };
		018B703E227E3EB600A79E8C /* AddCurrencyController.swift */ = {isa = PBXFileReference; lastKnownFileType = sourcecode.swift; path = AddCurrencyController.swift; sourceTree = "<group>"; };
		018B7040227E40EC00A79E8C /* Currency.swift */ = {isa = PBXFileReference; lastKnownFileType = sourcecode.swift; path = Currency.swift; sourceTree = "<group>"; };
/* End PBXFileReference section */

/* Begin PBXFrameworksBuildPhase section */
		018B701C227E158A00A79E8C /* Frameworks */ = {
			isa = PBXFrameworksBuildPhase;
			buildActionMask = 2147483647;
			files = (
			);
			runOnlyForDeploymentPostprocessing = 0;
		};
/* End PBXFrameworksBuildPhase section */

/* Begin PBXGroup section */
		018B7016227E158A00A79E8C = {
			isa = PBXGroup;
			children = (
				018B7021227E158A00A79E8C /* CoConverter */,
				018B7020227E158A00A79E8C /* Products */,
			);
			sourceTree = "<group>";
		};
		018B7020227E158A00A79E8C /* Products */ = {
			isa = PBXGroup;
			children = (
				018B701F227E158A00A79E8C /* CoConverter.app */,
			);
			name = Products;
			sourceTree = "<group>";
		};
		018B7021227E158A00A79E8C /* CoConverter */ = {
			isa = PBXGroup;
			children = (
				018B7037227E15D500A79E8C /* Model */,
				018B703D227E3E5B00A79E8C /* View */,
				018B7039227E15DE00A79E8C /* Controller */,
				018B703A227E15EF00A79E8C /* SupportFiles */,
			);
			path = CoConverter;
			sourceTree = "<group>";
		};
		018B7037227E15D500A79E8C /* Model */ = {
			isa = PBXGroup;
			children = (
				018B7029227E158A00A79E8C /* CoConverter.xcdatamodeld */,
				018B7040227E40EC00A79E8C /* Currency.swift */,
			);
			path = Model;
			sourceTree = "<group>";
		};
		018B7039227E15DE00A79E8C /* Controller */ = {
			isa = PBXGroup;
			children = (
				018B7024227E158A00A79E8C /* ViewController.swift */,
				018B703E227E3EB600A79E8C /* AddCurrencyController.swift */,
			);
			path = Controller;
			sourceTree = "<group>";
		};
		018B703A227E15EF00A79E8C /* SupportFiles */ = {
			isa = PBXGroup;
			children = (
				018B7022227E158A00A79E8C /* AppDelegate.swift */,
				018B702C227E158A00A79E8C /* Assets.xcassets */,
				018B7031227E158A00A79E8C /* Info.plist */,
			);
			path = SupportFiles;
			sourceTree = "<group>";
		};
		018B703D227E3E5B00A79E8C /* View */ = {
			isa = PBXGroup;
			children = (
				018B7026227E158A00A79E8C /* Main.storyboard */,
				018B702E227E158A00A79E8C /* LaunchScreen.storyboard */,
			);
			path = View;
			sourceTree = "<group>";
		};
/* End PBXGroup section */

/* Begin PBXNativeTarget section */
		018B701E227E158A00A79E8C /* CoConverter */ = {
			isa = PBXNativeTarget;
			buildConfigurationList = 018B7034227E158A00A79E8C /* Build configuration list for PBXNativeTarget "CoConverter" */;
			buildPhases = (
				018B701B227E158A00A79E8C /* Sources */,
				018B701C227E158A00A79E8C /* Frameworks */,
				018B701D227E158A00A79E8C /* Resources */,
			);
			buildRules = (
			);
			dependencies = (
			);
			name = CoConverter;
			productName = CoConverter;
			productReference = 018B701F227E158A00A79E8C /* CoConverter.app */;
			productType = "com.apple.product-type.application";
		};
/* End PBXNativeTarget section */

/* Begin PBXProject section */
		018B7017227E158A00A79E8C /* Project object */ = {
			isa = PBXProject;
			attributes = {
				LastSwiftUpdateCheck = 1020;
				LastUpgradeCheck = 1020;
				ORGANIZATIONNAME = "Nikita Gulak";
				TargetAttributes = {
					018B701E227E158A00A79E8C = {
						CreatedOnToolsVersion = 10.2.1;
					};
				};
			};
			buildConfigurationList = 018B701A227E158A00A79E8C /* Build configuration list for PBXProject "CoConverter" */;
			compatibilityVersion = "Xcode 9.3";
			developmentRegion = en;
			hasScannedForEncodings = 0;
			knownRegions = (
				en,
				Base,
			);
			mainGroup = 018B7016227E158A00A79E8C;
			productRefGroup = 018B7020227E158A00A79E8C /* Products */;
			projectDirPath = "";
			projectRoot = "";
			targets = (
				018B701E227E158A00A79E8C /* CoConverter */,
			);
		};
/* End PBXProject section */

/* Begin PBXResourcesBuildPhase section */
		018B701D227E158A00A79E8C /* Resources */ = {
			isa = PBXResourcesBuildPhase;
			buildActionMask = 2147483647;
			files = (
				018B7030227E158A00A79E8C /* LaunchScreen.storyboard in Resources */,
				018B702D227E158A00A79E8C /* Assets.xcassets in Resources */,
				018B7028227E158A00A79E8C /* Main.storyboard in Resources */,
			);
			runOnlyForDeploymentPostprocessing = 0;
		};
/* End PBXResourcesBuildPhase section */

/* Begin PBXSourcesBuildPhase section */
		018B701B227E158A00A79E8C /* Sources */ = {
			isa = PBXSourcesBuildPhase;
			buildActionMask = 2147483647;
			files = (
				018B702B227E158A00A79E8C /* CoConverter.xcdatamodeld in Sources */,
				018B7041227E40EC00A79E8C /* Currency.swift in Sources */,
				018B7025227E158A00A79E8C /* ViewController.swift in Sources */,
				018B703F227E3EB600A79E8C /* AddCurrencyController.swift in Sources */,
				018B7023227E158A00A79E8C /* AppDelegate.swift in Sources */,
			);
			runOnlyForDeploymentPostprocessing = 0;
		};
/* End PBXSourcesBuildPhase section */

/* Begin PBXVariantGroup section */
		018B7026227E158A00A79E8C /* Main.storyboard */ = {
			isa = PBXVariantGroup;
			children = (
				018B7027227E158A00A79E8C /* Base */,
			);
			name = Main.storyboard;
			sourceTree = "<group>";
		};
		018B702E227E158A00A79E8C /* LaunchScreen.storyboard */ = {
			isa = PBXVariantGroup;
			children = (
				018B702F227E158A00A79E8C /* Base */,
			);
			name = LaunchScreen.storyboard;
			sourceTree = "<group>";
		};
/* End PBXVariantGroup section */

/* Begin XCBuildConfiguration section */
		018B7032227E158A00A79E8C /* Debug */ = {
			isa = XCBuildConfiguration;
			buildSettings = {
				ALWAYS_SEARCH_USER_PATHS = NO;
				CLANG_ANALYZER_NONNULL = YES;
				CLANG_ANALYZER_NUMBER_OBJECT_CONVERSION = YES_AGGRESSIVE;
				CLANG_CXX_LANGUAGE_STANDARD = "gnu++14";
				CLANG_CXX_LIBRARY = "libc++";
				CLANG_ENABLE_MODULES = YES;
				CLANG_ENABLE_OBJC_ARC = YES;
				CLANG_ENABLE_OBJC_WEAK = YES;
				CLANG_WARN_BLOCK_CAPTURE_AUTORELEASING = YES;
				CLANG_WARN_BOOL_CONVERSION = YES;
				CLANG_WARN_COMMA = YES;
				CLANG_WARN_CONSTANT_CONVERSION = YES;
				CLANG_WARN_DEPRECATED_OBJC_IMPLEMENTATIONS = YES;
				CLANG_WARN_DIRECT_OBJC_ISA_USAGE = YES_ERROR;
				CLANG_WARN_DOCUMENTATION_COMMENTS = YES;
				CLANG_WARN_EMPTY_BODY = YES;
				CLANG_WARN_ENUM_CONVERSION = YES;
				CLANG_WARN_INFINITE_RECURSION = YES;
				CLANG_WARN_INT_CONVERSION = YES;
				CLANG_WARN_NON_LITERAL_NULL_CONVERSION = YES;
				CLANG_WARN_OBJC_IMPLICIT_RETAIN_SELF = YES;
				CLANG_WARN_OBJC_LITERAL_CONVERSION = YES;
				CLANG_WARN_OBJC_ROOT_CLASS = YES_ERROR;
				CLANG_WARN_RANGE_LOOP_ANALYSIS = YES;
				CLANG_WARN_STRICT_PROTOTYPES = YES;
				CLANG_WARN_SUSPICIOUS_MOVE = YES;
				CLANG_WARN_UNGUARDED_AVAILABILITY = YES_AGGRESSIVE;
				CLANG_WARN_UNREACHABLE_CODE = YES;
				CLANG_WARN__DUPLICATE_METHOD_MATCH = YES;
				CODE_SIGN_IDENTITY = "iPhone Developer";
				COPY_PHASE_STRIP = NO;
				DEBUG_INFORMATION_FORMAT = dwarf;
				ENABLE_STRICT_OBJC_MSGSEND = YES;
				ENABLE_TESTABILITY = YES;
				GCC_C_LANGUAGE_STANDARD = gnu11;
				GCC_DYNAMIC_NO_PIC = NO;
				GCC_NO_COMMON_BLOCKS = YES;
				GCC_OPTIMIZATION_LEVEL = 0;
				GCC_PREPROCESSOR_DEFINITIONS = (
					"DEBUG=1",
					"$(inherited)",
				);
				GCC_WARN_64_TO_32_BIT_CONVERSION = YES;
				GCC_WARN_ABOUT_RETURN_TYPE = YES_ERROR;
				GCC_WARN_UNDECLARED_SELECTOR = YES;
				GCC_WARN_UNINITIALIZED_AUTOS = YES_AGGRESSIVE;
				GCC_WARN_UNUSED_FUNCTION = YES;
				GCC_WARN_UNUSED_VARIABLE = YES;
				IPHONEOS_DEPLOYMENT_TARGET = 12.2;
				MTL_ENABLE_DEBUG_INFO = INCLUDE_SOURCE;
				MTL_FAST_MATH = YES;
				ONLY_ACTIVE_ARCH = YES;
				SDKROOT = iphoneos;
				SWIFT_ACTIVE_COMPILATION_CONDITIONS = DEBUG;
				SWIFT_OPTIMIZATION_LEVEL = "-Onone";
			};
			name = Debug;
		};
		018B7033227E158A00A79E8C /* Release */ = {
			isa = XCBuildConfiguration;
			buildSettings = {
				ALWAYS_SEARCH_USER_PATHS = NO;
				CLANG_ANALYZER_NONNULL = YES;
				CLANG_ANALYZER_NUMBER_OBJECT_CONVERSION = YES_AGGRESSIVE;
				CLANG_CXX_LANGUAGE_STANDARD = "gnu++14";
				CLANG_CXX_LIBRARY = "libc++";
				CLANG_ENABLE_MODULES = YES;
				CLANG_ENABLE_OBJC_ARC = YES;
				CLANG_ENABLE_OBJC_WEAK = YES;
				CLANG_WARN_BLOCK_CAPTURE_AUTORELEASING = YES;
				CLANG_WARN_BOOL_CONVERSION = YES;
				CLANG_WARN_COMMA = YES;
				CLANG_WARN_CONSTANT_CONVERSION = YES;
				CLANG_WARN_DEPRECATED_OBJC_IMPLEMENTATIONS = YES;
				CLANG_WARN_DIRECT_OBJC_ISA_USAGE = YES_ERROR;
				CLANG_WARN_DOCUMENTATION_COMMENTS = YES;
				CLANG_WARN_EMPTY_BODY = YES;
				CLANG_WARN_ENUM_CONVERSION = YES;
				CLANG_WARN_INFINITE_RECURSION = YES;
				CLANG_WARN_INT_CONVERSION = YES;
				CLANG_WARN_NON_LITERAL_NULL_CONVERSION = YES;
				CLANG_WARN_OBJC_IMPLICIT_RETAIN_SELF = YES;
				CLANG_WARN_OBJC_LITERAL_CONVERSION = YES;
				CLANG_WARN_OBJC_ROOT_CLASS = YES_ERROR;
				CLANG_WARN_RANGE_LOOP_ANALYSIS = YES;
				CLANG_WARN_STRICT_PROTOTYPES = YES;
				CLANG_WARN_SUSPICIOUS_MOVE = YES;
				CLANG_WARN_UNGUARDED_AVAILABILITY = YES_AGGRESSIVE;
				CLANG_WARN_UNREACHABLE_CODE = YES;
				CLANG_WARN__DUPLICATE_METHOD_MATCH = YES;
				CODE_SIGN_IDENTITY = "iPhone Developer";
				COPY_PHASE_STRIP = NO;
				DEBUG_INFORMATION_FORMAT = "dwarf-with-dsym";
				ENABLE_NS_ASSERTIONS = NO;
				ENABLE_STRICT_OBJC_MSGSEND = YES;
				GCC_C_LANGUAGE_STANDARD = gnu11;
				GCC_NO_COMMON_BLOCKS = YES;
				GCC_WARN_64_TO_32_BIT_CONVERSION = YES;
				GCC_WARN_ABOUT_RETURN_TYPE = YES_ERROR;
				GCC_WARN_UNDECLARED_SELECTOR = YES;
				GCC_WARN_UNINITIALIZED_AUTOS = YES_AGGRESSIVE;
				GCC_WARN_UNUSED_FUNCTION = YES;
				GCC_WARN_UNUSED_VARIABLE = YES;
				IPHONEOS_DEPLOYMENT_TARGET = 12.2;
				MTL_ENABLE_DEBUG_INFO = NO;
				MTL_FAST_MATH = YES;
				SDKROOT = iphoneos;
				SWIFT_COMPILATION_MODE = wholemodule;
				SWIFT_OPTIMIZATION_LEVEL = "-O";
				VALIDATE_PRODUCT = YES;
			};
			name = Release;
		};
		018B7035227E158A00A79E8C /* Debug */ = {
			isa = XCBuildConfiguration;
			buildSettings = {
				ASSETCATALOG_COMPILER_APPICON_NAME = AppIcon;
				CODE_SIGN_STYLE = Automatic;
				DEVELOPMENT_TEAM = 664H2WD289;
				INFOPLIST_FILE = CoConverter/SupportFiles/Info.plist;
				LD_RUNPATH_SEARCH_PATHS = (
					"$(inherited)",
					"@executable_path/Frameworks",
				);
				PRODUCT_BUNDLE_IDENTIFIER = nikitagulak.CoConverter;
				PRODUCT_NAME = "$(TARGET_NAME)";
				SWIFT_VERSION = 5.0;
				TARGETED_DEVICE_FAMILY = "1,2";
			};
			name = Debug;
		};
		018B7036227E158A00A79E8C /* Release */ = {
			isa = XCBuildConfiguration;
			buildSettings = {
				ASSETCATALOG_COMPILER_APPICON_NAME = AppIcon;
				CODE_SIGN_STYLE = Automatic;
				DEVELOPMENT_TEAM = 664H2WD289;
				INFOPLIST_FILE = CoConverter/SupportFiles/Info.plist;
				LD_RUNPATH_SEARCH_PATHS = (
					"$(inherited)",
					"@executable_path/Frameworks",
				);
				PRODUCT_BUNDLE_IDENTIFIER = nikitagulak.CoConverter;
				PRODUCT_NAME = "$(TARGET_NAME)";
				SWIFT_VERSION = 5.0;
				TARGETED_DEVICE_FAMILY = "1,2";
			};
			name = Release;
		};
/* End XCBuildConfiguration section */

/* Begin XCConfigurationList section */
		018B701A227E158A00A79E8C /* Build configuration list for PBXProject "CoConverter" */ = {
			isa = XCConfigurationList;
			buildConfigurations = (
				018B7032227E158A00A79E8C /* Debug */,
				018B7033227E158A00A79E8C /* Release */,
			);
			defaultConfigurationIsVisible = 0;
			defaultConfigurationName = Release;
		};
		018B7034227E158A00A79E8C /* Build configuration list for PBXNativeTarget "CoConverter" */ = {
			isa = XCConfigurationList;
			buildConfigurations = (
				018B7035227E158A00A79E8C /* Debug */,
				018B7036227E158A00A79E8C /* Release */,
			);
			defaultConfigurationIsVisible = 0;
			defaultConfigurationName = Release;
		};
/* End XCConfigurationList section */

/* Begin XCVersionGroup section */
		018B7029227E158A00A79E8C /* CoConverter.xcdatamodeld */ = {
			isa = XCVersionGroup;
			children = (
				018B702A227E158A00A79E8C /* CoConverter.xcdatamodel */,
			);
			currentVersion = 018B702A227E158A00A79E8C /* CoConverter.xcdatamodel */;
			path = CoConverter.xcdatamodeld;
			sourceTree = "<group>";
			versionGroupType = wrapper.xcdatamodel;
		};
/* End XCVersionGroup section */
	};
	rootObject = 018B7017227E158A00A79E8C /* Project object */;
}
